
Microsoft Visual Studio Solution File, Format Version 12.00
# Visual Studio Version 16
VisualStudioVersion = 16.0.30621.155
MinimumVisualStudioVersion = 10.0.40219.1
Project("{FAE04EC0-301F-11D3-BF4B-00C04F79EFBC}") = "NiboBankConciliator.Tests.Unit", "NiboBankConciliator.Tests.Unit\NiboBankConciliator.Tests.Unit.csproj", "{D724BE66-D486-4709-B3EA-BCE66DF9DBF6}"
EndProject
Project("{FAE04EC0-301F-11D3-BF4B-00C04F79EFBC}") = "NiboBankConciliator.Core", "NiboBankConciliator.Core\NiboBankConciliator.Core.csproj", "{950A6B85-ECD2-4D01-9199-68ABCDDE9FBF}"
EndProject
Global
	GlobalSection(SolutionConfigurationPlatforms) = preSolution
		Debug|Any CPU = Debug|Any CPU
		Release|Any CPU = Release|Any CPU
	EndGlobalSection
	GlobalSection(ProjectConfigurationPlatforms) = postSolution
		{D724BE66-D486-4709-B3EA-BCE66DF9DBF6}.Debug|Any CPU.ActiveCfg = Debug|Any CPU
		{D724BE66-D486-4709-B3EA-BCE66DF9DBF6}.Debug|Any CPU.Build.0 = Debug|Any CPU
		{D724BE66-D486-4709-B3EA-BCE66DF9DBF6}.Release|Any CPU.ActiveCfg = Release|Any CPU
		{D724BE66-D486-4709-B3EA-BCE66DF9DBF6}.Release|Any CPU.Build.0 = Release|Any CPU
		{950A6B85-ECD2-4D01-9199-68ABCDDE9FBF}.Debug|Any CPU.ActiveCfg = Debug|Any CPU
		{950A6B85-ECD2-4D01-9199-68ABCDDE9FBF}.Debug|Any CPU.Build.0 = Debug|Any CPU
		{950A6B85-ECD2-4D01-9199-68ABCDDE9FBF}.Release|Any CPU.ActiveCfg = Release|Any CPU
		{950A6B85-ECD2-4D01-9199-68ABCDDE9FBF}.Release|Any CPU.Build.0 = Release|Any CPU
	EndGlobalSection
	GlobalSection(SolutionProperties) = preSolution
		HideSolutionNode = FALSE
	EndGlobalSection
	GlobalSection(ExtensibilityGlobals) = postSolution
		SolutionGuid = {A9332D43-42A2-4CFC-A383-1AC6792D4179}
	EndGlobalSection
EndGlobal
